
Microsoft Visual Studio Solution File, Format Version 12.00
# Visual Studio Version 17
VisualStudioVersion = 17.9.34723.18
MinimumVisualStudioVersion = 10.0.40219.1
Project("{FAE04EC0-301F-11D3-BF4B-00C04F79EFBC}") = "Figures", "Figures\Figures.csproj", "{F7FBDBA3-5E06-47B9-AC27-FB708BE2F189}"
EndProject
Project("{FAE04EC0-301F-11D3-BF4B-00C04F79EFBC}") = "FiguresTests", "FiguresTests\FiguresTests.csproj", "{02960A13-9AAD-4CEC-AB9F-D559DD32AF27}"
EndProject
Global
	GlobalSection(SolutionConfigurationPlatforms) = preSolution
		Debug|Any CPU = Debug|Any CPU
		Release|Any CPU = Release|Any CPU
	EndGlobalSection
	GlobalSection(ProjectConfigurationPlatforms) = postSolution
		{F7FBDBA3-5E06-47B9-AC27-FB708BE2F189}.Debug|Any CPU.ActiveCfg = Debug|Any CPU
		{F7FBDBA3-5E06-47B9-AC27-FB708BE2F189}.Debug|Any CPU.Build.0 = Debug|Any CPU
		{F7FBDBA3-5E06-47B9-AC27-FB708BE2F189}.Release|Any CPU.ActiveCfg = Release|Any CPU
		{F7FBDBA3-5E06-47B9-AC27-FB708BE2F189}.Release|Any CPU.Build.0 = Release|Any CPU
		{02960A13-9AAD-4CEC-AB9F-D559DD32AF27}.Debug|Any CPU.ActiveCfg = Debug|Any CPU
		{02960A13-9AAD-4CEC-AB9F-D559DD32AF27}.Debug|Any CPU.Build.0 = Debug|Any CPU
		{02960A13-9AAD-4CEC-AB9F-D559DD32AF27}.Release|Any CPU.ActiveCfg = Release|Any CPU
		{02960A13-9AAD-4CEC-AB9F-D559DD32AF27}.Release|Any CPU.Build.0 = Release|Any CPU
	EndGlobalSection
	GlobalSection(SolutionProperties) = preSolution
		HideSolutionNode = FALSE
	EndGlobalSection
	GlobalSection(ExtensibilityGlobals) = postSolution
		SolutionGuid = {DC38A20A-74E0-4F41-AC54-0E85B187D1D0}
	EndGlobalSection
EndGlobal
